
Microsoft Visual Studio Solution File, Format Version 12.00
# Visual Studio Version 17
VisualStudioVersion = 17.2.32519.379
MinimumVisualStudioVersion = 10.0.40219.1
Project("{FAE04EC0-301F-11D3-BF4B-00C04F79EFBC}") = "WindowApplication", "WindowApplication\WindowApplication.csproj", "{D7147A86-3B74-4ACF-A7EF-50EB137756D5}"
EndProject
Global
	GlobalSection(SolutionConfigurationPlatforms) = preSolution
		Debug|Any CPU = Debug|Any CPU
		Release|Any CPU = Release|Any CPU
	EndGlobalSection
	GlobalSection(ProjectConfigurationPlatforms) = postSolution
		{D7147A86-3B74-4ACF-A7EF-50EB137756D5}.Debug|Any CPU.ActiveCfg = Debug|Any CPU
		{D7147A86-3B74-4ACF-A7EF-50EB137756D5}.Debug|Any CPU.Build.0 = Debug|Any CPU
		{D7147A86-3B74-4ACF-A7EF-50EB137756D5}.Release|Any CPU.ActiveCfg = Release|Any CPU
		{D7147A86-3B74-4ACF-A7EF-50EB137756D5}.Release|Any CPU.Build.0 = Release|Any CPU
	EndGlobalSection
	GlobalSection(SolutionProperties) = preSolution
		HideSolutionNode = FALSE
	EndGlobalSection
	GlobalSection(ExtensibilityGlobals) = postSolution
		SolutionGuid = {E0721A5B-B004-4845-A6E9-4819EE8B468B}
	EndGlobalSection
EndGlobal
